
Microsoft Visual Studio Solution File, Format Version 12.00
# Visual Studio Version 16
VisualStudioVersion = 16.0.30225.117
MinimumVisualStudioVersion = 10.0.40219.1
Project("{9A19103F-16F7-4668-BE54-9A1E7A4F7556}") = "NLP-With-Dispatch-Bot", "NLP-With-Dispatch-Bot.csproj", "{7D8F7080-E7CA-4EB4-8E9D-79604CA0101E}"
EndProject
Global
	GlobalSection(SolutionConfigurationPlatforms) = preSolution
		Debug|Any CPU = Debug|Any CPU
		Release|Any CPU = Release|Any CPU
	EndGlobalSection
	GlobalSection(ProjectConfigurationPlatforms) = postSolution
		{7D8F7080-E7CA-4EB4-8E9D-79604CA0101E}.Debug|Any CPU.ActiveCfg = Debug|Any CPU
		{7D8F7080-E7CA-4EB4-8E9D-79604CA0101E}.Debug|Any CPU.Build.0 = Debug|Any CPU
		{7D8F7080-E7CA-4EB4-8E9D-79604CA0101E}.Release|Any CPU.ActiveCfg = Release|Any CPU
		{7D8F7080-E7CA-4EB4-8E9D-79604CA0101E}.Release|Any CPU.Build.0 = Release|Any CPU
	EndGlobalSection
	GlobalSection(SolutionProperties) = preSolution
		HideSolutionNode = FALSE
	EndGlobalSection
	GlobalSection(ExtensibilityGlobals) = postSolution
		SolutionGuid = {55BA8BF4-40CA-4AE4-A708-E67A7842400F}
	EndGlobalSection
EndGlobal
